<?xml version="1.0" encoding="utf-8"?>
<Project ToolsVersion="4.0" xmlns="http://schemas.microsoft.com/developer/msbuild/2003">
  <ItemGroup>
    <ClCompile Include="AssemblyInfo.cpp" />
    <ClCompile Include="dbHandler.cpp" />
    <ClCompile Include="InfoPage.cpp" />
    <ClCompile Include="LoginForm.cpp" />
    <ClCompile Include="MultipleChoicePage.cpp" />
    <ClCompile Include="Page.cpp" />
    <ClCompile Include="stdafx.cpp" />
    <ClCompile Include="Student.cpp" />
    <ClCompile Include="Teacher.cpp" />
    <ClCompile Include="Test.cpp" />
    <ClCompile Include="User.cpp" />
    <ClCompile Include="WritePage.cpp" />
    <ClCompile Include="MainForm.cpp" />
    <ClCompile Include="Course.cpp" />
  </ItemGroup>
  <ItemGroup>
    <ClInclude Include="BookingForm.h" />
    <ClInclude Include="dbHandler.h" />
    <ClInclude Include="InfoPage.h" />
    <ClInclude Include="LoginForm.h" />
    <ClInclude Include="MultipleChoicePage.h" />
    <ClInclude Include="Page.h" />
    <ClInclude Include="resource.h" />
    <ClInclude Include="RunTestForm.h" />
    <ClInclude Include="ShowTestsForm.h" />
    <ClInclude Include="stdafx.h" />
    <ClInclude Include="Student.h" />
    <ClInclude Include="Teacher.h" />
    <ClInclude Include="Test.h" />
    <ClInclude Include="User.h" />
    <ClInclude Include="WritePage.h" />
    <ClInclude Include="Reservation.h" />
    <ClInclude Include="Room.h" />
    <ClInclude Include="MainForm.h" />
    <ClInclude Include="SelectCourseForm.h" />
    <ClInclude Include="Course.h" />
  </ItemGroup>
  <ItemGroup>
    <ResourceCompile Include="app.rc" />
  </ItemGroup>
  <ItemGroup>
    <Image Include="app.ico" />
  </ItemGroup>
  <ItemGroup>
    <EmbeddedResource Include="BookingForm.resx" />
    <EmbeddedResource Include="LoginForm.resx" />
    <EmbeddedResource Include="RunTestForm.resx" />
    <EmbeddedResource Include="ShowTestsForm.resx" />
    <EmbeddedResource Include="MainForm.resx" />
    <EmbeddedResource Include="SelectCourseForm.resx" />
  </ItemGroup>
  <ItemGroup>
    <None Include="app.config" />
  </ItemGroup>
  <ItemGroup>
    <Text Include="ReadMe.txt" />
  </ItemGroup>
</Project>